
Microsoft Visual Studio Solution File, Format Version 12.00
# Visual Studio Version 17
VisualStudioVersion = 17.4.33103.184
MinimumVisualStudioVersion = 10.0.40219.1
Project("{FAE04EC0-301F-11D3-BF4B-00C04F79EFBC}") = "empAPI", "empAPI\empAPI.csproj", "{D82BD4B3-8862-4670-84B6-A86975DC920D}"
EndProject
Global
	GlobalSection(SolutionConfigurationPlatforms) = preSolution
		Debug|Any CPU = Debug|Any CPU
		Release|Any CPU = Release|Any CPU
	EndGlobalSection
	GlobalSection(ProjectConfigurationPlatforms) = postSolution
		{D82BD4B3-8862-4670-84B6-A86975DC920D}.Debug|Any CPU.ActiveCfg = Debug|Any CPU
		{D82BD4B3-8862-4670-84B6-A86975DC920D}.Debug|Any CPU.Build.0 = Debug|Any CPU
		{D82BD4B3-8862-4670-84B6-A86975DC920D}.Release|Any CPU.ActiveCfg = Release|Any CPU
		{D82BD4B3-8862-4670-84B6-A86975DC920D}.Release|Any CPU.Build.0 = Release|Any CPU
	EndGlobalSection
	GlobalSection(SolutionProperties) = preSolution
		HideSolutionNode = FALSE
	EndGlobalSection
	GlobalSection(ExtensibilityGlobals) = postSolution
		SolutionGuid = {8132512A-6DF6-457F-89E5-FBC1A459C979}
	EndGlobalSection
EndGlobal
