
Microsoft Visual Studio Solution File, Format Version 12.00
# Visual Studio Version 17
VisualStudioVersion = 17.4.33103.184
MinimumVisualStudioVersion = 10.0.40219.1
Project("{FAE04EC0-301F-11D3-BF4B-00C04F79EFBC}") = "consumeWebAPI", "consumeWebAPI\consumeWebAPI.csproj", "{9B4837DA-8040-476C-B841-74B1BA1B680B}"
EndProject
Global
	GlobalSection(SolutionConfigurationPlatforms) = preSolution
		Debug|Any CPU = Debug|Any CPU
		Release|Any CPU = Release|Any CPU
	EndGlobalSection
	GlobalSection(ProjectConfigurationPlatforms) = postSolution
		{9B4837DA-8040-476C-B841-74B1BA1B680B}.Debug|Any CPU.ActiveCfg = Debug|Any CPU
		{9B4837DA-8040-476C-B841-74B1BA1B680B}.Debug|Any CPU.Build.0 = Debug|Any CPU
		{9B4837DA-8040-476C-B841-74B1BA1B680B}.Release|Any CPU.ActiveCfg = Release|Any CPU
		{9B4837DA-8040-476C-B841-74B1BA1B680B}.Release|Any CPU.Build.0 = Release|Any CPU
	EndGlobalSection
	GlobalSection(SolutionProperties) = preSolution
		HideSolutionNode = FALSE
	EndGlobalSection
	GlobalSection(ExtensibilityGlobals) = postSolution
		SolutionGuid = {7F8DC486-D191-4B1F-A21C-89782582111A}
	EndGlobalSection
EndGlobal
